
Microsoft Visual Studio Solution File, Format Version 12.00
Project("{2150E333-8FDC-42A3-9474-1A3956D46DE8}") = "Services", "Services", "{1FB5CCE4-7537-4EEE-A356-E13E4270FF16}"
EndProject
Project("{2150E333-8FDC-42A3-9474-1A3956D46DE8}") = "Catalog", "Catalog", "{E15FDAFA-844B-442E-8FDA-8F07680EFAD6}"
EndProject
Project("{FAE04EC0-301F-11D3-BF4B-00C04F79EFBC}") = "Catalog.API", "Services\Catalog\Catalog.API\Catalog.API.csproj", "{EF9DB0AF-A41B-46F5-8E67-E0069CCD009D}"
EndProject
Project("{2150E333-8FDC-42A3-9474-1A3956D46DE8}") = "BuildingBlocks", "BuildingBlocks", "{0AF16BEA-CEC8-43A3-B3C6-C29CD4C435FA}"
EndProject
Project("{FAE04EC0-301F-11D3-BF4B-00C04F79EFBC}") = "BuildingBlocks", "BuildingBlocks\BuildingBlocks\BuildingBlocks.csproj", "{6A6F7AB6-AF7E-47C4-AB5A-0EE073DABF39}"
EndProject
Global
	GlobalSection(SolutionConfigurationPlatforms) = preSolution
		Debug|Any CPU = Debug|Any CPU
		Release|Any CPU = Release|Any CPU
	EndGlobalSection
	GlobalSection(NestedProjects) = preSolution
		{E15FDAFA-844B-442E-8FDA-8F07680EFAD6} = {1FB5CCE4-7537-4EEE-A356-E13E4270FF16}
		{EF9DB0AF-A41B-46F5-8E67-E0069CCD009D} = {E15FDAFA-844B-442E-8FDA-8F07680EFAD6}
		{6A6F7AB6-AF7E-47C4-AB5A-0EE073DABF39} = {0AF16BEA-CEC8-43A3-B3C6-C29CD4C435FA}
	EndGlobalSection
	GlobalSection(ProjectConfigurationPlatforms) = postSolution
		{EF9DB0AF-A41B-46F5-8E67-E0069CCD009D}.Debug|Any CPU.ActiveCfg = Debug|Any CPU
		{EF9DB0AF-A41B-46F5-8E67-E0069CCD009D}.Debug|Any CPU.Build.0 = Debug|Any CPU
		{EF9DB0AF-A41B-46F5-8E67-E0069CCD009D}.Release|Any CPU.ActiveCfg = Release|Any CPU
		{EF9DB0AF-A41B-46F5-8E67-E0069CCD009D}.Release|Any CPU.Build.0 = Release|Any CPU
		{6A6F7AB6-AF7E-47C4-AB5A-0EE073DABF39}.Debug|Any CPU.ActiveCfg = Debug|Any CPU
		{6A6F7AB6-AF7E-47C4-AB5A-0EE073DABF39}.Debug|Any CPU.Build.0 = Debug|Any CPU
		{6A6F7AB6-AF7E-47C4-AB5A-0EE073DABF39}.Release|Any CPU.ActiveCfg = Release|Any CPU
		{6A6F7AB6-AF7E-47C4-AB5A-0EE073DABF39}.Release|Any CPU.Build.0 = Release|Any CPU
	EndGlobalSection
EndGlobal
